
Microsoft Visual Studio Solution File, Format Version 12.00
# Visual Studio Version 17
VisualStudioVersion = 17.2.32516.85
MinimumVisualStudioVersion = 10.0.40219.1
Project("{9A19103F-16F7-4668-BE54-9A1E7A4F7556}") = "msa.Domain", "msa.Domain\msa.Domain.csproj", "{A805AB49-6BC8-4127-BF91-5352052D5AB2}"
EndProject
Project("{9A19103F-16F7-4668-BE54-9A1E7A4F7556}") = "msa.Infra", "..\mas.Infra\msa.Infra.csproj", "{8E8D869D-1BA1-4DC0-A0FB-B85006A67172}"
EndProject
Project("{9A19103F-16F7-4668-BE54-9A1E7A4F7556}") = "msa.App", "..\msa.app\msa.App.csproj", "{5CB4E0DB-6F2B-4CCB-97B7-E842D4610496}"
EndProject
Project("{9A19103F-16F7-4668-BE54-9A1E7A4F7556}") = "msa.Common", "..\msa.Common\msa.Common.csproj", "{903F46EE-5228-4C11-84D9-498EBDB0947D}"
EndProject
Project("{9A19103F-16F7-4668-BE54-9A1E7A4F7556}") = "msa.PullZMQ", "..\msa.PullZMQ\msa.PullZMQ.csproj", "{D78F170C-86AE-4929-B772-2BCD1A39DB1A}"
EndProject
Project("{2150E333-8FDC-42A3-9474-1A3956D46DE8}") = "MSA.Service1", "MSA.Service1", "{A1D39D38-CFB9-433B-9BDE-A7ED42E3DA74}"
EndProject
Project("{2150E333-8FDC-42A3-9474-1A3956D46DE8}") = "MSA.Service2", "MSA.Service2", "{A48D411A-D7F7-4880-9228-AC9E4110809B}"
EndProject
Project("{2150E333-8FDC-42A3-9474-1A3956D46DE8}") = "Service.Unit", "Service.Unit", "{6F9CCF0E-DED4-4DC7-8DC0-6B1A2533DE88}"
EndProject
Project("{2150E333-8FDC-42A3-9474-1A3956D46DE8}") = "msa.Domain.test", "msa.Domain.test", "{F4660015-E5FC-4A3B-96E9-9DE97F127C66}"
EndProject
Project("{9A19103F-16F7-4668-BE54-9A1E7A4F7556}") = "msa.Domain.test", "..\msa.Domain.test\msa.Domain.test.csproj", "{389C598E-79AE-49CB-8D8E-A38664B6BDFA}"
EndProject
Project("{2150E333-8FDC-42A3-9474-1A3956D46DE8}") = "MSA.Service3", "MSA.Service3", "{F9341FA3-FF50-4779-9345-50DFC44C00C3}"
EndProject
Project("{9A19103F-16F7-4668-BE54-9A1E7A4F7556}") = "msa.app3", "..\msa.app1\msa.app3.csproj", "{2D0F94DF-FB7B-4315-AF5A-8DEC20A94837}"
EndProject
Global
	GlobalSection(SolutionConfigurationPlatforms) = preSolution
		Debug|Any CPU = Debug|Any CPU
		Release|Any CPU = Release|Any CPU
	EndGlobalSection
	GlobalSection(ProjectConfigurationPlatforms) = postSolution
		{A805AB49-6BC8-4127-BF91-5352052D5AB2}.Debug|Any CPU.ActiveCfg = Debug|Any CPU
		{A805AB49-6BC8-4127-BF91-5352052D5AB2}.Debug|Any CPU.Build.0 = Debug|Any CPU
		{A805AB49-6BC8-4127-BF91-5352052D5AB2}.Release|Any CPU.ActiveCfg = Release|Any CPU
		{A805AB49-6BC8-4127-BF91-5352052D5AB2}.Release|Any CPU.Build.0 = Release|Any CPU
		{8E8D869D-1BA1-4DC0-A0FB-B85006A67172}.Debug|Any CPU.ActiveCfg = Debug|Any CPU
		{8E8D869D-1BA1-4DC0-A0FB-B85006A67172}.Debug|Any CPU.Build.0 = Debug|Any CPU
		{8E8D869D-1BA1-4DC0-A0FB-B85006A67172}.Release|Any CPU.ActiveCfg = Release|Any CPU
		{8E8D869D-1BA1-4DC0-A0FB-B85006A67172}.Release|Any CPU.Build.0 = Release|Any CPU
		{5CB4E0DB-6F2B-4CCB-97B7-E842D4610496}.Debug|Any CPU.ActiveCfg = Debug|Any CPU
		{5CB4E0DB-6F2B-4CCB-97B7-E842D4610496}.Debug|Any CPU.Build.0 = Debug|Any CPU
		{5CB4E0DB-6F2B-4CCB-97B7-E842D4610496}.Release|Any CPU.ActiveCfg = Release|Any CPU
		{5CB4E0DB-6F2B-4CCB-97B7-E842D4610496}.Release|Any CPU.Build.0 = Release|Any CPU
		{903F46EE-5228-4C11-84D9-498EBDB0947D}.Debug|Any CPU.ActiveCfg = Debug|Any CPU
		{903F46EE-5228-4C11-84D9-498EBDB0947D}.Debug|Any CPU.Build.0 = Debug|Any CPU
		{903F46EE-5228-4C11-84D9-498EBDB0947D}.Release|Any CPU.ActiveCfg = Release|Any CPU
		{903F46EE-5228-4C11-84D9-498EBDB0947D}.Release|Any CPU.Build.0 = Release|Any CPU
		{D78F170C-86AE-4929-B772-2BCD1A39DB1A}.Debug|Any CPU.ActiveCfg = Debug|Any CPU
		{D78F170C-86AE-4929-B772-2BCD1A39DB1A}.Debug|Any CPU.Build.0 = Debug|Any CPU
		{D78F170C-86AE-4929-B772-2BCD1A39DB1A}.Release|Any CPU.ActiveCfg = Release|Any CPU
		{D78F170C-86AE-4929-B772-2BCD1A39DB1A}.Release|Any CPU.Build.0 = Release|Any CPU
		{389C598E-79AE-49CB-8D8E-A38664B6BDFA}.Debug|Any CPU.ActiveCfg = Debug|Any CPU
		{389C598E-79AE-49CB-8D8E-A38664B6BDFA}.Debug|Any CPU.Build.0 = Debug|Any CPU
		{389C598E-79AE-49CB-8D8E-A38664B6BDFA}.Release|Any CPU.ActiveCfg = Release|Any CPU
		{389C598E-79AE-49CB-8D8E-A38664B6BDFA}.Release|Any CPU.Build.0 = Release|Any CPU
		{2D0F94DF-FB7B-4315-AF5A-8DEC20A94837}.Debug|Any CPU.ActiveCfg = Debug|Any CPU
		{2D0F94DF-FB7B-4315-AF5A-8DEC20A94837}.Debug|Any CPU.Build.0 = Debug|Any CPU
		{2D0F94DF-FB7B-4315-AF5A-8DEC20A94837}.Release|Any CPU.ActiveCfg = Release|Any CPU
		{2D0F94DF-FB7B-4315-AF5A-8DEC20A94837}.Release|Any CPU.Build.0 = Release|Any CPU
	EndGlobalSection
	GlobalSection(SolutionProperties) = preSolution
		HideSolutionNode = FALSE
	EndGlobalSection
	GlobalSection(NestedProjects) = preSolution
		{A805AB49-6BC8-4127-BF91-5352052D5AB2} = {A1D39D38-CFB9-433B-9BDE-A7ED42E3DA74}
		{8E8D869D-1BA1-4DC0-A0FB-B85006A67172} = {A1D39D38-CFB9-433B-9BDE-A7ED42E3DA74}
		{5CB4E0DB-6F2B-4CCB-97B7-E842D4610496} = {A1D39D38-CFB9-433B-9BDE-A7ED42E3DA74}
		{903F46EE-5228-4C11-84D9-498EBDB0947D} = {A1D39D38-CFB9-433B-9BDE-A7ED42E3DA74}
		{D78F170C-86AE-4929-B772-2BCD1A39DB1A} = {A48D411A-D7F7-4880-9228-AC9E4110809B}
		{6F9CCF0E-DED4-4DC7-8DC0-6B1A2533DE88} = {A1D39D38-CFB9-433B-9BDE-A7ED42E3DA74}
		{F4660015-E5FC-4A3B-96E9-9DE97F127C66} = {6F9CCF0E-DED4-4DC7-8DC0-6B1A2533DE88}
		{389C598E-79AE-49CB-8D8E-A38664B6BDFA} = {F4660015-E5FC-4A3B-96E9-9DE97F127C66}
		{2D0F94DF-FB7B-4315-AF5A-8DEC20A94837} = {F9341FA3-FF50-4779-9345-50DFC44C00C3}
	EndGlobalSection
	GlobalSection(ExtensibilityGlobals) = postSolution
		SolutionGuid = {A4D045C2-BE76-484D-9AE5-BC27A8AD5690}
	EndGlobalSection
EndGlobal
